{
  "name": "@lvce-editor/virtual-dom",
  "version": "0.0.0-dev",
  "lockfileVersion": 3,
  "requires": true,
  "packages": {
    "": {
      "name": "@lvce-editor/virtual-dom",
      "version": "0.0.0-dev",
      "license": "MIT",
      "devDependencies": {
        "@lvce-editor/constants": "^5.8.0"
      }
    },
    "node_modules/@lvce-editor/constants": {
      "version": "5.8.0",
      "resolved": "https://registry.npmjs.org/@lvce-editor/constants/-/constants-5.8.0.tgz",
      "integrity": "sha512-Hi8vrlE/L3g5/GkvGKP1UiYgKVeCEa4ZvW3kUGr0HJfwttbe9hCNZHAkarWcXXzL+Iwp4sHIBE9JtLpx16qeSw==",
      "dev": true,
      "license": "MIT"
    }
  }
}
