{
  "name": "@lvce-editor/virtual-dom",
  "version": "0.0.0-dev",
  "lockfileVersion": 3,
  "requires": true,
  "packages": {
    "": {
      "name": "@lvce-editor/virtual-dom",
      "version": "0.0.0-dev",
      "license": "MIT",
      "devDependencies": {
        "@lvce-editor/constants": "^2.1.0"
      }
    },
    "node_modules/@lvce-editor/constants": {
      "version": "2.1.0",
      "resolved": "https://registry.npmjs.org/@lvce-editor/constants/-/constants-2.1.0.tgz",
      "integrity": "sha512-GaXUbp382jd0g/oZADfl/OkiJZAZJO9VeR4KoVtt//tl+sa92D2FReGFc/eTb25zUdZkBg29AujQlmJFly+QhA==",
      "dev": true,
      "license": "MIT"
    }
  }
}
