{
  "name": "@lvce-editor/virtual-dom",
  "version": "0.0.0-dev",
  "lockfileVersion": 3,
  "requires": true,
  "packages": {
    "": {
      "name": "@lvce-editor/virtual-dom",
      "version": "0.0.0-dev",
      "license": "MIT",
      "devDependencies": {
        "@lvce-editor/constants": "^1.25.0"
      }
    },
    "node_modules/@lvce-editor/constants": {
      "version": "1.25.0",
      "resolved": "https://registry.npmjs.org/@lvce-editor/constants/-/constants-1.25.0.tgz",
      "integrity": "sha512-5u27B9wPz3jwj791kGpjItbyq3hCcVto0wvP1ApXYytp5W5XVIhyPnmt3fwaGlGr35Y9W6OxrstVg0oxCmrwSA==",
      "dev": true,
      "license": "MIT"
    }
  }
}
