{
  "name": "@lvce-editor/virtual-dom-worker",
  "version": "0.0.0-dev",
  "lockfileVersion": 3,
  "requires": true,
  "packages": {
    "": {
      "name": "@lvce-editor/virtual-dom-worker",
      "version": "0.0.0-dev",
      "license": "MIT",
      "dependencies": {
        "@lvce-editor/constants": "^3.5.0"
      }
    },
    "node_modules/@lvce-editor/constants": {
      "version": "3.5.0",
      "resolved": "https://registry.npmjs.org/@lvce-editor/constants/-/constants-3.5.0.tgz",
      "integrity": "sha512-Hox4d+Y0l0RF0hiNKMi/BWqECzQZB+Tn4LwWac0Ckwf+JtDoYo9ROT/2CQ/u87ToG5dqWE9U+E1+tQ2/r8r+TA==",
      "license": "MIT"
    }
  }
}
