{
  "name": "@lvce-editor/virtual-dom-worker",
  "version": "0.0.0-dev",
  "lockfileVersion": 3,
  "requires": true,
  "packages": {
    "": {
      "name": "@lvce-editor/virtual-dom-worker",
      "version": "0.0.0-dev",
      "license": "MIT",
      "dependencies": {
        "@lvce-editor/constants": "^5.24.0"
      }
    },
    "node_modules/@lvce-editor/constants": {
      "version": "5.24.0",
      "resolved": "https://registry.npmjs.org/@lvce-editor/constants/-/constants-5.24.0.tgz",
      "integrity": "sha512-PfoXM8k5Na8kGwERyHRyCZfSq4AGYcjbvDJv+Y4zdCRsT9qvr5QNM7HCDkH4LU1RdM2nrmO8I1ufzNy8NtfZ6w==",
      "license": "MIT"
    }
  }
}
