{
  "name": "@lvce-editor/virtual-dom-worker",
  "version": "0.0.0-dev",
  "lockfileVersion": 3,
  "requires": true,
  "packages": {
    "": {
      "name": "@lvce-editor/virtual-dom-worker",
      "version": "0.0.0-dev",
      "license": "MIT",
      "dependencies": {
        "@lvce-editor/constants": "^5.25.0"
      }
    },
    "node_modules/@lvce-editor/constants": {
      "version": "5.25.0",
      "resolved": "https://registry.npmjs.org/@lvce-editor/constants/-/constants-5.25.0.tgz",
      "integrity": "sha512-zgpiSbpQgA07YeiQSzApidBUB9DwenxBksXafJbehbxoNXfqNw2tDiZLifd5Y09PGz/cJhebVQCU2jvw55c4SA==",
      "license": "MIT"
    }
  }
}
